github.com/BurntSushi/toml v1.6.0 h1:dRaEfpa2VI55EwlIW72hMRHdWouJeRF7TPYhI+AUQjk=
github.com/BurntSushi/toml v1.6.0/go.mod h1:ukJfTF/6rtPPRCnwkur4qwRxa8vTRFBF0uk2lLoLwho=
github.com/davecgh/go-spew v1.1.1 h1:vj9j/u1bqnvCEfJOwUhtlOARqs3+rkHYY13jYWTU97c=
github.com/davecgh/go-spew v1.1.1/go.mod h1:J7Y8YcW2NihsgmVo/mv3lAwl/skON4iLHjSsI+c5H38=
github.com/editorconfig/editorconfig-core-go/v2 v2.6.4 h1:CHwUbBVVyKWRX9kt5A/OtwhYUJB32DrFp9xzmjR6cac=
github.com/editorconfig/editorconfig-core-go/v2 v2.6.4/go.mod h1:JWRVKHdVW+dkv6F8p+xGCa6a+TyMrqsFbFkSs/aQkrQ=
github.com/google/go-cmdtest v0.4.1-0.20220921163831-55ab3332a786 h1:rcv+Ippz6RAtvaGgKxc+8FQIpxHgsF+HBzPyYL2cyVU=
github.com/google/go-cmdtest v0.4.1-0.20220921163831-55ab3332a786/go.mod h1:apVn/GCasLZUVpAJ6oWAuyP7Ne7CEsQbTnc0plM3m+o=
github.com/google/go-cmp v0.7.0 h1:wk8382ETsv4JYUZwIsn6YpYiWiBsYLSJiTsyBybVuN8=
github.com/google/go-cmp v0.7.0/go.mod h1:pXiqmnSA92OHEEa9HXL2W4E7lf9JzCmGVUdgjX3N/iU=
github.com/google/renameio v0.1.0 h1:GOZbcHa3HfsPKPlmyPyN2KEohoMXOhdMbHrvbpl2QaA=
github.com/google/renameio v0.1.0/go.mod h1:KWCgfxg9yswjAJkECMjeO8J8rahYeXnNhOm40UhjYkI=
github.com/pawnkit/pawn-analysis v0.1.0 h1:t+4shLFLSiqMmEYbes85H8OZAcCPr58C1dunGXLW+qA=
github.com/pawnkit/pawn-analysis v0.1.0/go.mod h1:ktuPs6hbJWIPS0jBaGbdC96ANw0D6uqtcxsLdzT1lUA=
github.com/pawnkit/pawn-api v0.1.0 h1:tFsuGtm3ckcCDQOSq67xs9Yzhwpel5H/sCk274bKX6E=
github.com/pawnkit/pawn-api v0.1.0/go.mod h1:1pH6kTU069oXzInGAde8ZUAY644vCkduTwj9U2wxLZc=
github.com/pawnkit/pawn-parser v1.0.1-0.20260718155913-7441df7a8611 h1:Z71MW6BTlPXuj2RJNjvlDC984u0Kme0tmWuuNyPz3WI=
github.com/pawnkit/pawn-parser v1.0.1-0.20260718155913-7441df7a8611/go.mod h1:NxVFywG2/diopWaow+Fj7cNtb7NxTxFswaV8MrXSCBg=
github.com/pawnkit/pawn-project v0.1.0 h1:+1Gxp2U8EhFEQJuZNPZRtGoB7Ge92j3L2pSbryN9TMo=
github.com/pawnkit/pawn-project v0.1.0/go.mod h1:YpfzOLsIYMyp9ztXNC5DbNOOIFhMYUxrk/epKb3rPlg=
github.com/pawnkit/pawnfmt v1.2.1-0.20260719110530-45b1db8d62a2 h1:RB01HEsFcNEfRO1VFLkQ3Jqjp7rJ2SRRoABhKdE9N60=
github.com/pawnkit/pawnfmt v1.2.1-0.20260719110530-45b1db8d62a2/go.mod h1:0qf0OL6ie0GCaB5XOOtVxb2cXgqHx7lhbzARpJe9StM=
github.com/pawnkit/pawnkit-core v0.1.0 h1:clhoN/nr+JyNMAcFTlubStPd3q4VeCNf44MJgYmFaDM=
github.com/pawnkit/pawnkit-core v0.1.0/go.mod h1:jGhXHEEzr8juezaRhh/AkGzX6S4eGQnprB83vrI1peU=
github.com/pmezard/go-difflib v1.0.0 h1:4DBwDE0NGyQoBHbLQYPwSUPoCMWR5BEzIk/f1lZbAQM=
github.com/pmezard/go-difflib v1.0.0/go.mod h1:iKH77koFhYxTK1pcRnkKkqfTogsbg7gZNVY4sRDYZ/4=
github.com/stretchr/testify v1.7.0 h1:nwc3DEeHmmLAfoZucVR881uASk0Mfjw8xYJ99tb5CcY=
github.com/stretchr/testify v1.7.0/go.mod h1:6Fq8oRcR53rry900zMqJjRRixrwX3KX962/h/Wwjteg=
golang.org/x/mod v0.37.0 h1:vF1DjpVEshcIqoEaauuHebaLk1O1forxjxBaVn884JQ=
golang.org/x/mod v0.37.0/go.mod h1:m8S8VeM9r4dzDwjrKO0a1sZP3YjeMamRRlD+fmR2Q/0=
golang.org/x/sync v0.21.0 h1:HLII4xRRTtCRkxYp4HNFF0Js/Og6q2i++KXbg0gHCwM=
golang.org/x/sync v0.21.0/go.mod h1:9xrNwdLfx4jkKbNva9FpL6vEN7evnE43NNNJQ2LF3+0=
golang.org/x/sys v0.46.0 h1:noSf2Fq6F8DBgS+LysIkx7rIExoNHJsxOAtPp4rthXw=
golang.org/x/sys v0.46.0/go.mod h1:4GL1E5IUh+htKOUEOaiffhrAeqysfVGipDYzABqnCmw=
golang.org/x/telemetry v0.0.0-20260625142307-59b4966ccb57 h1:nwGZBCt+FnXUrGsj5vjzAsEmkcaFvd82BbOjECiFYZc=
golang.org/x/telemetry v0.0.0-20260625142307-59b4966ccb57/go.mod h1:3AWMyWHS+caVoiEXpiq6+tzKA40J4vQT3MYr80ZtQpc=
golang.org/x/tools v0.47.0 h1:7Kn5x/d1svx/PzryTsqeoZN4TZwqeH5pGWjefhLi/1Q=
golang.org/x/tools v0.47.0/go.mod h1:dFHnyTvFWY212G+h7ZY4Vsp/K3U4/7W9TyVaAul8uCA=
golang.org/x/tools/go/expect v0.1.1-deprecated h1:jpBZDwmgPhXsKZC6WhL20P4b/wmnpsEAGHaNy0n/rJM=
golang.org/x/tools/go/expect v0.1.1-deprecated/go.mod h1:eihoPOH+FgIqa3FpoTwguz/bVUSGBlGQU67vpBeOrBY=
golang.org/x/tools/go/packages/packagestest v0.1.1-deprecated h1:1h2MnaIAIXISqTFKdENegdpAgUXz6NrPEsbIeWaBRvM=
golang.org/x/tools/go/packages/packagestest v0.1.1-deprecated/go.mod h1:RVAQXBGNv1ib0J382/DPCRS/BPnsGebyM1Gj5VSDpG8=
golang.org/x/vuln v1.5.0 h1:jGVVuNZ7NrBJlFB7IBkZ/R9c8gYCja+SWqrHpBCYJZA=
golang.org/x/vuln v1.5.0/go.mod h1:Ujq+7kg+6B5HsCgDFbMmP0+gAV1zGf05mkh4uF5YEXY=
gopkg.in/check.v1 v0.0.0-20161208181325-20d25e280405 h1:yhCVgyC4o1eVCa2tZl7eS0r+SDo693bJlVdllGtEeKM=
gopkg.in/check.v1 v0.0.0-20161208181325-20d25e280405/go.mod h1:Co6ibVJAznAaIkqp8huTwlJQCZ016jof/cbN4VW5Yz0=
gopkg.in/ini.v1 v1.67.0 h1:Dgnx+6+nfE+IfzjUEISNeydPJh9AXNNsWbGP9KzCsOA=
gopkg.in/ini.v1 v1.67.0/go.mod h1:pNLf8WUiyNEtQjuu5G5vTm06TEv9tsIgeAvK8hOrP4k=
gopkg.in/yaml.v3 v3.0.1 h1:fxVm/GzAzEWqLHuvctI91KS9hhNmmWOoWu0XTYJS7CA=
gopkg.in/yaml.v3 v3.0.1/go.mod h1:K4uyk7z7BCEPqu6E+C64Yfv1cQ7kz7rIZviUmN+EgEM=
