github.com/BurntSushi/toml v1.6.0 h1:dRaEfpa2VI55EwlIW72hMRHdWouJeRF7TPYhI+AUQjk=
github.com/BurntSushi/toml v1.6.0/go.mod h1:ukJfTF/6rtPPRCnwkur4qwRxa8vTRFBF0uk2lLoLwho=
github.com/davecgh/go-spew v1.1.1 h1:vj9j/u1bqnvCEfJOwUhtlOARqs3+rkHYY13jYWTU97c=
github.com/davecgh/go-spew v1.1.1/go.mod h1:J7Y8YcW2NihsgmVo/mv3lAwl/skON4iLHjSsI+c5H38=
github.com/editorconfig/editorconfig-core-go/v2 v2.6.4 h1:CHwUbBVVyKWRX9kt5A/OtwhYUJB32DrFp9xzmjR6cac=
github.com/editorconfig/editorconfig-core-go/v2 v2.6.4/go.mod h1:JWRVKHdVW+dkv6F8p+xGCa6a+TyMrqsFbFkSs/aQkrQ=
github.com/google/go-cmdtest v0.4.1-0.20220921163831-55ab3332a786 h1:rcv+Ippz6RAtvaGgKxc+8FQIpxHgsF+HBzPyYL2cyVU=
github.com/google/go-cmdtest v0.4.1-0.20220921163831-55ab3332a786/go.mod h1:apVn/GCasLZUVpAJ6oWAuyP7Ne7CEsQbTnc0plM3m+o=
github.com/google/go-cmp v0.7.0 h1:wk8382ETsv4JYUZwIsn6YpYiWiBsYLSJiTsyBybVuN8=
github.com/google/go-cmp v0.7.0/go.mod h1:pXiqmnSA92OHEEa9HXL2W4E7lf9JzCmGVUdgjX3N/iU=
github.com/google/renameio v0.1.0 h1:GOZbcHa3HfsPKPlmyPyN2KEohoMXOhdMbHrvbpl2QaA=
github.com/google/renameio v0.1.0/go.mod h1:KWCgfxg9yswjAJkECMjeO8J8rahYeXnNhOm40UhjYkI=
github.com/pawnkit/pawn-analysis v0.1.12 h1:LuAFqO1vUp1q8yLvIv2owXkOXT1uv5MGo24y4G6IEMo=
github.com/pawnkit/pawn-analysis v0.1.12/go.mod h1:9YIyg2E3DliSL4ldTr1BAy9JP+i/5194da7MVtlg/2Q=
github.com/pawnkit/pawn-api v0.18.0 h1:t35TjjL19oYUoHhzPTvFmp2UqcqsxKJEp+sVQ31MRy0=
github.com/pawnkit/pawn-api v0.18.0/go.mod h1:kG0iHjG85iOU27geni1yaXk2WfSmJuhUoWkSrhUS7Ik=
github.com/pawnkit/pawn-parser v1.1.9 h1:LbhFV4XOLdi8/UXv2HTmZcTC2fGaHGms83ZSM2bcNuw=
github.com/pawnkit/pawn-parser v1.1.9/go.mod h1:6iG1RfoTtroAadrF5A60QZc/zwalxBwn2gbgCQ/QO8Y=
github.com/pawnkit/pawn-project v0.1.5 h1:iPqtblD6zfe+lNjuhOgvGwg+38inyKlPXudGbrqv0sM=
github.com/pawnkit/pawn-project v0.1.5/go.mod h1:YpfzOLsIYMyp9ztXNC5DbNOOIFhMYUxrk/epKb3rPlg=
github.com/pawnkit/pawnfmt v1.3.4 h1:oqtIGIg8AlTYKSUPwMuGWnyFBxe4iBtwnxylATKrghw=
github.com/pawnkit/pawnfmt v1.3.4/go.mod h1:y9Fs9oa8uvdbtB9+o8ZkJIA1+wU8tECS3gpMMRBK0+4=
github.com/pawnkit/pawnkit-core v0.1.0 h1:clhoN/nr+JyNMAcFTlubStPd3q4VeCNf44MJgYmFaDM=
github.com/pawnkit/pawnkit-core v0.1.0/go.mod h1:jGhXHEEzr8juezaRhh/AkGzX6S4eGQnprB83vrI1peU=
github.com/pmezard/go-difflib v1.0.0 h1:4DBwDE0NGyQoBHbLQYPwSUPoCMWR5BEzIk/f1lZbAQM=
github.com/pmezard/go-difflib v1.0.0/go.mod h1:iKH77koFhYxTK1pcRnkKkqfTogsbg7gZNVY4sRDYZ/4=
github.com/stretchr/testify v1.7.0 h1:nwc3DEeHmmLAfoZucVR881uASk0Mfjw8xYJ99tb5CcY=
github.com/stretchr/testify v1.7.0/go.mod h1:6Fq8oRcR53rry900zMqJjRRixrwX3KX962/h/Wwjteg=
golang.org/x/mod v0.38.0 h1:MECBjubtXD7yj4HrhIUcywNaGeNVUdfVnxmPajOk4yk=
golang.org/x/mod v0.38.0/go.mod h1:V6Xz0pq8TQ3dGqVQ1FVHuelZpAL0uNhSkk9ogYP3c40=
golang.org/x/sync v0.22.0 h1:SZjpbeLmrCk4xhRSZFNZW5gFUeCeFgjekvI/+gfScek=
golang.org/x/sync v0.22.0/go.mod h1:9xrNwdLfx4jkKbNva9FpL6vEN7evnE43NNNJQ2LF3+0=
golang.org/x/sys v0.47.0 h1:o7XGOvZQCADBQQ4Y7VNq2dRWQR7JmOUW8Kxx4ZsNgWs=
golang.org/x/sys v0.47.0/go.mod h1:4GL1E5IUh+htKOUEOaiffhrAeqysfVGipDYzABqnCmw=
golang.org/x/telemetry v0.0.0-20260708182218-49f421fb7959 h1:RJhm5l6Fo4rmEIcndxDllNhhf/fAx8qIm4t6A7vpm2A=
golang.org/x/telemetry v0.0.0-20260708182218-49f421fb7959/go.mod h1:LV7u5Oco+Z/g6XI7PqN+EUUUGGkEcmB1uj2ceI0fOVg=
golang.org/x/tools v0.48.0 h1:3+hClM1aLL5mjMKm5ovokw9epgRXPuu2tILgismM6RE=
golang.org/x/tools v0.48.0/go.mod h1:08xX0orndb/F7jJxGDicx061tyd5pcMto75YMAXr6lk=
golang.org/x/tools/go/expect v0.1.1-deprecated h1:jpBZDwmgPhXsKZC6WhL20P4b/wmnpsEAGHaNy0n/rJM=
golang.org/x/tools/go/expect v0.1.1-deprecated/go.mod h1:eihoPOH+FgIqa3FpoTwguz/bVUSGBlGQU67vpBeOrBY=
golang.org/x/tools/go/packages/packagestest v0.1.1-deprecated h1:1h2MnaIAIXISqTFKdENegdpAgUXz6NrPEsbIeWaBRvM=
golang.org/x/tools/go/packages/packagestest v0.1.1-deprecated/go.mod h1:RVAQXBGNv1ib0J382/DPCRS/BPnsGebyM1Gj5VSDpG8=
golang.org/x/vuln v1.6.0 h1:FeMO9Rm/HwyduOztbvKcOw+zvDEPr4I4aQNSfevFcKY=
golang.org/x/vuln v1.6.0/go.mod h1:bWlG2493/sjR7ksvicBgMrznH3eYQEyK8ifUYBrqUbg=
gopkg.in/check.v1 v0.0.0-20161208181325-20d25e280405 h1:yhCVgyC4o1eVCa2tZl7eS0r+SDo693bJlVdllGtEeKM=
gopkg.in/check.v1 v0.0.0-20161208181325-20d25e280405/go.mod h1:Co6ibVJAznAaIkqp8huTwlJQCZ016jof/cbN4VW5Yz0=
gopkg.in/ini.v1 v1.67.0 h1:Dgnx+6+nfE+IfzjUEISNeydPJh9AXNNsWbGP9KzCsOA=
gopkg.in/ini.v1 v1.67.0/go.mod h1:pNLf8WUiyNEtQjuu5G5vTm06TEv9tsIgeAvK8hOrP4k=
gopkg.in/yaml.v3 v3.0.1 h1:fxVm/GzAzEWqLHuvctI91KS9hhNmmWOoWu0XTYJS7CA=
gopkg.in/yaml.v3 v3.0.1/go.mod h1:K4uyk7z7BCEPqu6E+C64Yfv1cQ7kz7rIZviUmN+EgEM=
